
Microsoft Visual Studio Solution File, Format Version 12.00
# Visual Studio Version 17
VisualStudioVersion = 17.13.35806.99 d17.13
MinimumVisualStudioVersion = 10.0.40219.1
Project("{FAE04EC0-301F-11D3-BF4B-00C04F79EFBC}") = "Chatbot", "Chatbot\Chatbot.csproj", "{3AD94470-9C14-4458-AAB7-F8088F2B5831}"
EndProject
Global
	GlobalSection(SolutionConfigurationPlatforms) = preSolution
		Debug|Any CPU = Debug|Any CPU
		Release|Any CPU = Release|Any CPU
	EndGlobalSection
	GlobalSection(ProjectConfigurationPlatforms) = postSolution
		{3AD94470-9C14-4458-AAB7-F8088F2B5831}.Debug|Any CPU.ActiveCfg = Debug|Any CPU
		{3AD94470-9C14-4458-AAB7-F8088F2B5831}.Debug|Any CPU.Build.0 = Debug|Any CPU
		{3AD94470-9C14-4458-AAB7-F8088F2B5831}.Release|Any CPU.ActiveCfg = Release|Any CPU
		{3AD94470-9C14-4458-AAB7-F8088F2B5831}.Release|Any CPU.Build.0 = Release|Any CPU
	EndGlobalSection
	GlobalSection(SolutionProperties) = preSolution
		HideSolutionNode = FALSE
	EndGlobalSection
	GlobalSection(ExtensibilityGlobals) = postSolution
		SolutionGuid = {6A43DB26-152B-4ED8-9A21-D8AB159AF421}
	EndGlobalSection
EndGlobal
